
Microsoft Visual Studio Solution File, Format Version 12.00
# Visual Studio Version 16
VisualStudioVersion = 16.0.31911.196
MinimumVisualStudioVersion = 15.0.26124.0
Project("{9A19103F-16F7-4668-BE54-9A1E7A4F7556}") = "TrainDelays.Logic", "TrainDelays.Logic\TrainDelays.Logic.csproj", "{4F054F47-9777-4E9B-AC7D-803A3539ED29}"
EndProject
Project("{9A19103F-16F7-4668-BE54-9A1E7A4F7556}") = "TrainDelays.Logic.Tests", "TrainDelays.Logic.Tests\TrainDelays.Logic.Tests.csproj", "{5EC6F230-F709-49F1-97A5-0482B48719E7}"
EndProject
Project("{2150E333-8FDC-42A3-9474-1A3956D46DE8}") = "misc", "misc", "{7CF31C68-F031-4F2B-B00A-D7A8C8C37D81}"
	ProjectSection(SolutionItems) = preProject
		.editorconfig = .editorconfig
		.gitignore = .gitignore
		.gitpod.Dockerfile = .gitpod.Dockerfile
		.gitpod.yml = .gitpod.yml
		.github\dependabot.yml = .github\dependabot.yml
		.github\workflows\dotnet.yml = .github\workflows\dotnet.yml
		tools\dupfinder.bat = tools\dupfinder.bat
		tools\dupfinder.sh = tools\dupfinder.sh
		tools\dupfinder.xslt = tools\dupfinder.xslt
		LICENSE = LICENSE
		README.md = README.md
		.netconfig = .netconfig
	EndProjectSection
EndProject
Project("{FAE04EC0-301F-11D3-BF4B-00C04F79EFBC}") = "TrainDelays.TimetablesApiConsumer.Tests", "TrainDelays.TimetablesApiConsumer.Tests\TrainDelays.TimetablesApiConsumer.Tests.csproj", "{0185F3EA-8F27-490B-95C3-23A5E5681310}"
EndProject
Global
	GlobalSection(SolutionConfigurationPlatforms) = preSolution
		Debug|Any CPU = Debug|Any CPU
		Debug|x64 = Debug|x64
		Debug|x86 = Debug|x86
		Release|Any CPU = Release|Any CPU
		Release|x64 = Release|x64
		Release|x86 = Release|x86
	EndGlobalSection
	GlobalSection(ProjectConfigurationPlatforms) = postSolution
		{4F054F47-9777-4E9B-AC7D-803A3539ED29}.Debug|Any CPU.ActiveCfg = Debug|Any CPU
		{4F054F47-9777-4E9B-AC7D-803A3539ED29}.Debug|Any CPU.Build.0 = Debug|Any CPU
		{4F054F47-9777-4E9B-AC7D-803A3539ED29}.Debug|x64.ActiveCfg = Debug|Any CPU
		{4F054F47-9777-4E9B-AC7D-803A3539ED29}.Debug|x64.Build.0 = Debug|Any CPU
		{4F054F47-9777-4E9B-AC7D-803A3539ED29}.Debug|x86.ActiveCfg = Debug|Any CPU
		{4F054F47-9777-4E9B-AC7D-803A3539ED29}.Debug|x86.Build.0 = Debug|Any CPU
		{4F054F47-9777-4E9B-AC7D-803A3539ED29}.Release|Any CPU.ActiveCfg = Release|Any CPU
		{4F054F47-9777-4E9B-AC7D-803A3539ED29}.Release|Any CPU.Build.0 = Release|Any CPU
		{4F054F47-9777-4E9B-AC7D-803A3539ED29}.Release|x64.ActiveCfg = Release|Any CPU
		{4F054F47-9777-4E9B-AC7D-803A3539ED29}.Release|x64.Build.0 = Release|Any CPU
		{4F054F47-9777-4E9B-AC7D-803A3539ED29}.Release|x86.ActiveCfg = Release|Any CPU
		{4F054F47-9777-4E9B-AC7D-803A3539ED29}.Release|x86.Build.0 = Release|Any CPU
		{5EC6F230-F709-49F1-97A5-0482B48719E7}.Debug|Any CPU.ActiveCfg = Debug|Any CPU
		{5EC6F230-F709-49F1-97A5-0482B48719E7}.Debug|Any CPU.Build.0 = Debug|Any CPU
		{5EC6F230-F709-49F1-97A5-0482B48719E7}.Debug|x64.ActiveCfg = Debug|Any CPU
		{5EC6F230-F709-49F1-97A5-0482B48719E7}.Debug|x64.Build.0 = Debug|Any CPU
		{5EC6F230-F709-49F1-97A5-0482B48719E7}.Debug|x86.ActiveCfg = Debug|Any CPU
		{5EC6F230-F709-49F1-97A5-0482B48719E7}.Debug|x86.Build.0 = Debug|Any CPU
		{5EC6F230-F709-49F1-97A5-0482B48719E7}.Release|Any CPU.ActiveCfg = Release|Any CPU
		{5EC6F230-F709-49F1-97A5-0482B48719E7}.Release|Any CPU.Build.0 = Release|Any CPU
		{5EC6F230-F709-49F1-97A5-0482B48719E7}.Release|x64.ActiveCfg = Release|Any CPU
		{5EC6F230-F709-49F1-97A5-0482B48719E7}.Release|x64.Build.0 = Release|Any CPU
		{5EC6F230-F709-49F1-97A5-0482B48719E7}.Release|x86.ActiveCfg = Release|Any CPU
		{5EC6F230-F709-49F1-97A5-0482B48719E7}.Release|x86.Build.0 = Release|Any CPU
		{0185F3EA-8F27-490B-95C3-23A5E5681310}.Debug|Any CPU.ActiveCfg = Debug|Any CPU
		{0185F3EA-8F27-490B-95C3-23A5E5681310}.Debug|Any CPU.Build.0 = Debug|Any CPU
		{0185F3EA-8F27-490B-95C3-23A5E5681310}.Debug|x64.ActiveCfg = Debug|Any CPU
		{0185F3EA-8F27-490B-95C3-23A5E5681310}.Debug|x64.Build.0 = Debug|Any CPU
		{0185F3EA-8F27-490B-95C3-23A5E5681310}.Debug|x86.ActiveCfg = Debug|Any CPU
		{0185F3EA-8F27-490B-95C3-23A5E5681310}.Debug|x86.Build.0 = Debug|Any CPU
		{0185F3EA-8F27-490B-95C3-23A5E5681310}.Release|Any CPU.ActiveCfg = Release|Any CPU
		{0185F3EA-8F27-490B-95C3-23A5E5681310}.Release|Any CPU.Build.0 = Release|Any CPU
		{0185F3EA-8F27-490B-95C3-23A5E5681310}.Release|x64.ActiveCfg = Release|Any CPU
		{0185F3EA-8F27-490B-95C3-23A5E5681310}.Release|x64.Build.0 = Release|Any CPU
		{0185F3EA-8F27-490B-95C3-23A5E5681310}.Release|x86.ActiveCfg = Release|Any CPU
		{0185F3EA-8F27-490B-95C3-23A5E5681310}.Release|x86.Build.0 = Release|Any CPU
	EndGlobalSection
	GlobalSection(SolutionProperties) = preSolution
		HideSolutionNode = FALSE
	EndGlobalSection
	GlobalSection(ExtensibilityGlobals) = postSolution
		SolutionGuid = {DCB8F894-FC57-4819-81E4-59C984EA02E5}
	EndGlobalSection
EndGlobal
